
Microsoft Visual Studio Solution File, Format Version 12.00
# Visual Studio Version 17
VisualStudioVersion = 17.8.34330.188
MinimumVisualStudioVersion = 10.0.40219.1
Project("{9A19103F-16F7-4668-BE54-9A1E7A4F7556}") = "NonBlockingCountCharacters", "NonBlockingCountCharacters\NonBlockingCountCharactersAwait\NonBlockingCountCharacters.csproj", "{16533B28-2C33-4046-B610-AC484A1FB0F9}"
EndProject
Project("{9A19103F-16F7-4668-BE54-9A1E7A4F7556}") = "NonBlockingCountCharactersThreading", "NonBlockingCountCharacters\NonBlockingCountCharactersThreading\NonBlockingCountCharactersThreading.csproj", "{BA136EE4-099A-42B2-9699-396934D12462}"
EndProject
Project("{9A19103F-16F7-4668-BE54-9A1E7A4F7556}") = "NonBlocklingPrintNumbersMultiThreading", "NonBlockingCountCharacters\NonBlocklingPrintNumbersMultiThreading\NonBlocklingPrintNumbersMultiThreading.csproj", "{BA52D16E-54B0-4241-8225-0898DFEA4AFA}"
EndProject
Project("{9A19103F-16F7-4668-BE54-9A1E7A4F7556}") = "CallbackWithThreading", "..\Console\Callbacks\CallbackWithThreading\CallbackWithThreading.csproj", "{B66F93E2-AC85-441D-8527-0E628AF422E0}"
EndProject
Project("{9A19103F-16F7-4668-BE54-9A1E7A4F7556}") = "WinformDeadlock", "WinformDeadlock\WinformDeadlock.csproj", "{FE248D38-1F41-4A5C-ABED-79C5309FA9C1}"
EndProject
Project("{9A19103F-16F7-4668-BE54-9A1E7A4F7556}") = "BankDeadlocked", "Deadlocking\BankDeadlocked\BankDeadlocked.csproj", "{9648B3AF-082F-46E0-B79E-E2AB33303C04}"
EndProject
Project("{9A19103F-16F7-4668-BE54-9A1E7A4F7556}") = "ProtectingSharedResources", "Protecting Shared Resources\ProtectingSharedResources\ProtectingSharedResources.csproj", "{34B519AF-E117-4C89-8FB5-641DE8E8CC84}"
EndProject
Project("{9A19103F-16F7-4668-BE54-9A1E7A4F7556}") = "ConsoleThreading", "Threading\Threading\ConsoleThreading.csproj", "{D523C419-CA57-4350-8D15-E608E58995F5}"
EndProject
Project("{9A19103F-16F7-4668-BE54-9A1E7A4F7556}") = "LongRunningProcesses", "LongRunningProcesses\LongRunningProcesses.csproj", "{870AC959-1777-44B6-9BD9-D1A341E29CBA}"
EndProject
Project("{9A19103F-16F7-4668-BE54-9A1E7A4F7556}") = "Practice", "Practice\Practice.csproj", "{5B7439E2-D877-461C-A8AC-6184949AF6D1}"
EndProject
Project("{9A19103F-16F7-4668-BE54-9A1E7A4F7556}") = "QuickApi", "QuickApi\QuickApi.csproj", "{60C4DC9C-C9BE-436E-BFB7-B53ED281F49F}"
EndProject
Project("{9A19103F-16F7-4668-BE54-9A1E7A4F7556}") = "EmployeeMVC", "EmployeeMVC\EmployeeMVC.csproj", "{BCD8CA31-59E6-4B94-AA0F-F581F134857E}"
EndProject
Project("{9A19103F-16F7-4668-BE54-9A1E7A4F7556}") = "QuartzJobScheduling", "QuartzJobScheduling\QuartzJobScheduling.csproj", "{12DA99AD-6BA5-4BBB-BC5A-3F959C7AA095}"
EndProject
Project("{9A19103F-16F7-4668-BE54-9A1E7A4F7556}") = "RabbitMQConsumer", "RabbitMQConsumer\RabbitMQConsumer.csproj", "{39C48545-A3BE-468F-B509-D5A1DC7C2ADB}"
EndProject
Project("{9A19103F-16F7-4668-BE54-9A1E7A4F7556}") = "RabbitMQProducer", "RabbitMQProducer\RabbitMQProducer.csproj", "{72CA7D6C-1B66-4F5C-A7FE-D6C9EF245C0F}"
EndProject
Project("{9A19103F-16F7-4668-BE54-9A1E7A4F7556}") = "MSMQConsole", "MSMQConsole\MSMQConsole.csproj", "{3B413163-3671-4D33-A75C-1657F12891CC}"
EndProject
Project("{FAE04EC0-301F-11D3-BF4B-00C04F79EFBC}") = "ToDoBlazorServer", "ToDoBlazorServer\ToDoBlazorServer.csproj", "{AF8C9EFE-9E04-480D-AAD4-35C21FDE5CE0}"
EndProject
Global
	GlobalSection(SolutionConfigurationPlatforms) = preSolution
		Debug|Any CPU = Debug|Any CPU
		Release|Any CPU = Release|Any CPU
	EndGlobalSection
	GlobalSection(ProjectConfigurationPlatforms) = postSolution
		{16533B28-2C33-4046-B610-AC484A1FB0F9}.Debug|Any CPU.ActiveCfg = Debug|Any CPU
		{16533B28-2C33-4046-B610-AC484A1FB0F9}.Debug|Any CPU.Build.0 = Debug|Any CPU
		{16533B28-2C33-4046-B610-AC484A1FB0F9}.Release|Any CPU.ActiveCfg = Release|Any CPU
		{16533B28-2C33-4046-B610-AC484A1FB0F9}.Release|Any CPU.Build.0 = Release|Any CPU
		{BA136EE4-099A-42B2-9699-396934D12462}.Debug|Any CPU.ActiveCfg = Debug|Any CPU
		{BA136EE4-099A-42B2-9699-396934D12462}.Debug|Any CPU.Build.0 = Debug|Any CPU
		{BA136EE4-099A-42B2-9699-396934D12462}.Release|Any CPU.ActiveCfg = Release|Any CPU
		{BA136EE4-099A-42B2-9699-396934D12462}.Release|Any CPU.Build.0 = Release|Any CPU
		{BA52D16E-54B0-4241-8225-0898DFEA4AFA}.Debug|Any CPU.ActiveCfg = Debug|Any CPU
		{BA52D16E-54B0-4241-8225-0898DFEA4AFA}.Debug|Any CPU.Build.0 = Debug|Any CPU
		{BA52D16E-54B0-4241-8225-0898DFEA4AFA}.Release|Any CPU.ActiveCfg = Release|Any CPU
		{BA52D16E-54B0-4241-8225-0898DFEA4AFA}.Release|Any CPU.Build.0 = Release|Any CPU
		{B66F93E2-AC85-441D-8527-0E628AF422E0}.Debug|Any CPU.ActiveCfg = Debug|Any CPU
		{B66F93E2-AC85-441D-8527-0E628AF422E0}.Debug|Any CPU.Build.0 = Debug|Any CPU
		{B66F93E2-AC85-441D-8527-0E628AF422E0}.Release|Any CPU.ActiveCfg = Release|Any CPU
		{B66F93E2-AC85-441D-8527-0E628AF422E0}.Release|Any CPU.Build.0 = Release|Any CPU
		{FE248D38-1F41-4A5C-ABED-79C5309FA9C1}.Debug|Any CPU.ActiveCfg = Debug|Any CPU
		{FE248D38-1F41-4A5C-ABED-79C5309FA9C1}.Debug|Any CPU.Build.0 = Debug|Any CPU
		{FE248D38-1F41-4A5C-ABED-79C5309FA9C1}.Release|Any CPU.ActiveCfg = Release|Any CPU
		{FE248D38-1F41-4A5C-ABED-79C5309FA9C1}.Release|Any CPU.Build.0 = Release|Any CPU
		{9648B3AF-082F-46E0-B79E-E2AB33303C04}.Debug|Any CPU.ActiveCfg = Debug|Any CPU
		{9648B3AF-082F-46E0-B79E-E2AB33303C04}.Debug|Any CPU.Build.0 = Debug|Any CPU
		{9648B3AF-082F-46E0-B79E-E2AB33303C04}.Release|Any CPU.ActiveCfg = Release|Any CPU
		{9648B3AF-082F-46E0-B79E-E2AB33303C04}.Release|Any CPU.Build.0 = Release|Any CPU
		{34B519AF-E117-4C89-8FB5-641DE8E8CC84}.Debug|Any CPU.ActiveCfg = Debug|Any CPU
		{34B519AF-E117-4C89-8FB5-641DE8E8CC84}.Debug|Any CPU.Build.0 = Debug|Any CPU
		{34B519AF-E117-4C89-8FB5-641DE8E8CC84}.Release|Any CPU.ActiveCfg = Release|Any CPU
		{34B519AF-E117-4C89-8FB5-641DE8E8CC84}.Release|Any CPU.Build.0 = Release|Any CPU
		{D523C419-CA57-4350-8D15-E608E58995F5}.Debug|Any CPU.ActiveCfg = Debug|Any CPU
		{D523C419-CA57-4350-8D15-E608E58995F5}.Debug|Any CPU.Build.0 = Debug|Any CPU
		{D523C419-CA57-4350-8D15-E608E58995F5}.Release|Any CPU.ActiveCfg = Release|Any CPU
		{D523C419-CA57-4350-8D15-E608E58995F5}.Release|Any CPU.Build.0 = Release|Any CPU
		{870AC959-1777-44B6-9BD9-D1A341E29CBA}.Debug|Any CPU.ActiveCfg = Debug|Any CPU
		{870AC959-1777-44B6-9BD9-D1A341E29CBA}.Debug|Any CPU.Build.0 = Debug|Any CPU
		{870AC959-1777-44B6-9BD9-D1A341E29CBA}.Release|Any CPU.ActiveCfg = Release|Any CPU
		{870AC959-1777-44B6-9BD9-D1A341E29CBA}.Release|Any CPU.Build.0 = Release|Any CPU
		{5B7439E2-D877-461C-A8AC-6184949AF6D1}.Debug|Any CPU.ActiveCfg = Debug|Any CPU
		{5B7439E2-D877-461C-A8AC-6184949AF6D1}.Debug|Any CPU.Build.0 = Debug|Any CPU
		{5B7439E2-D877-461C-A8AC-6184949AF6D1}.Release|Any CPU.ActiveCfg = Release|Any CPU
		{5B7439E2-D877-461C-A8AC-6184949AF6D1}.Release|Any CPU.Build.0 = Release|Any CPU
		{60C4DC9C-C9BE-436E-BFB7-B53ED281F49F}.Debug|Any CPU.ActiveCfg = Debug|Any CPU
		{60C4DC9C-C9BE-436E-BFB7-B53ED281F49F}.Debug|Any CPU.Build.0 = Debug|Any CPU
		{60C4DC9C-C9BE-436E-BFB7-B53ED281F49F}.Release|Any CPU.ActiveCfg = Release|Any CPU
		{60C4DC9C-C9BE-436E-BFB7-B53ED281F49F}.Release|Any CPU.Build.0 = Release|Any CPU
		{BCD8CA31-59E6-4B94-AA0F-F581F134857E}.Debug|Any CPU.ActiveCfg = Debug|Any CPU
		{BCD8CA31-59E6-4B94-AA0F-F581F134857E}.Debug|Any CPU.Build.0 = Debug|Any CPU
		{BCD8CA31-59E6-4B94-AA0F-F581F134857E}.Release|Any CPU.ActiveCfg = Release|Any CPU
		{BCD8CA31-59E6-4B94-AA0F-F581F134857E}.Release|Any CPU.Build.0 = Release|Any CPU
		{12DA99AD-6BA5-4BBB-BC5A-3F959C7AA095}.Debug|Any CPU.ActiveCfg = Debug|Any CPU
		{12DA99AD-6BA5-4BBB-BC5A-3F959C7AA095}.Debug|Any CPU.Build.0 = Debug|Any CPU
		{12DA99AD-6BA5-4BBB-BC5A-3F959C7AA095}.Release|Any CPU.ActiveCfg = Release|Any CPU
		{12DA99AD-6BA5-4BBB-BC5A-3F959C7AA095}.Release|Any CPU.Build.0 = Release|Any CPU
		{39C48545-A3BE-468F-B509-D5A1DC7C2ADB}.Debug|Any CPU.ActiveCfg = Debug|Any CPU
		{39C48545-A3BE-468F-B509-D5A1DC7C2ADB}.Debug|Any CPU.Build.0 = Debug|Any CPU
		{39C48545-A3BE-468F-B509-D5A1DC7C2ADB}.Release|Any CPU.ActiveCfg = Release|Any CPU
		{39C48545-A3BE-468F-B509-D5A1DC7C2ADB}.Release|Any CPU.Build.0 = Release|Any CPU
		{72CA7D6C-1B66-4F5C-A7FE-D6C9EF245C0F}.Debug|Any CPU.ActiveCfg = Debug|Any CPU
		{72CA7D6C-1B66-4F5C-A7FE-D6C9EF245C0F}.Debug|Any CPU.Build.0 = Debug|Any CPU
		{72CA7D6C-1B66-4F5C-A7FE-D6C9EF245C0F}.Release|Any CPU.ActiveCfg = Release|Any CPU
		{72CA7D6C-1B66-4F5C-A7FE-D6C9EF245C0F}.Release|Any CPU.Build.0 = Release|Any CPU
		{3B413163-3671-4D33-A75C-1657F12891CC}.Debug|Any CPU.ActiveCfg = Debug|Any CPU
		{3B413163-3671-4D33-A75C-1657F12891CC}.Debug|Any CPU.Build.0 = Debug|Any CPU
		{3B413163-3671-4D33-A75C-1657F12891CC}.Release|Any CPU.ActiveCfg = Release|Any CPU
		{3B413163-3671-4D33-A75C-1657F12891CC}.Release|Any CPU.Build.0 = Release|Any CPU
		{AF8C9EFE-9E04-480D-AAD4-35C21FDE5CE0}.Debug|Any CPU.ActiveCfg = Debug|Any CPU
		{AF8C9EFE-9E04-480D-AAD4-35C21FDE5CE0}.Debug|Any CPU.Build.0 = Debug|Any CPU
		{AF8C9EFE-9E04-480D-AAD4-35C21FDE5CE0}.Release|Any CPU.ActiveCfg = Release|Any CPU
		{AF8C9EFE-9E04-480D-AAD4-35C21FDE5CE0}.Release|Any CPU.Build.0 = Release|Any CPU
	EndGlobalSection
	GlobalSection(SolutionProperties) = preSolution
		HideSolutionNode = FALSE
	EndGlobalSection
	GlobalSection(ExtensibilityGlobals) = postSolution
		SolutionGuid = {9869859C-EC21-4E9D-83B5-E4B72050EB4D}
	EndGlobalSection
EndGlobal
